
Microsoft Visual Studio Solution File, Format Version 11.00
# Visual Studio 2010
Project("{FAE04EC0-301F-11D3-BF4B-00C04F79EFBC}") = "InventoryMgr", "InventoryMgr\InventoryMgr.csproj", "{6E7002BD-4212-4768-88FC-430E1A45B604}"
EndProject
Global
	GlobalSection(SolutionConfigurationPlatforms) = preSolution
		Debug|Any CPU = Debug|Any CPU
		Release|Any CPU = Release|Any CPU
	EndGlobalSection
	GlobalSection(ProjectConfigurationPlatforms) = postSolution
		{6E7002BD-4212-4768-88FC-430E1A45B604}.Debug|Any CPU.ActiveCfg = Debug|Any CPU
		{6E7002BD-4212-4768-88FC-430E1A45B604}.Debug|Any CPU.Build.0 = Debug|Any CPU
		{6E7002BD-4212-4768-88FC-430E1A45B604}.Release|Any CPU.ActiveCfg = Release|Any CPU
		{6E7002BD-4212-4768-88FC-430E1A45B604}.Release|Any CPU.Build.0 = Release|Any CPU
	EndGlobalSection
	GlobalSection(SolutionProperties) = preSolution
		HideSolutionNode = FALSE
	EndGlobalSection
EndGlobal
